
Microsoft Visual Studio Solution File, Format Version 12.00
Project("{FAE04EC0-301F-11D3-BF4B-00C04F79EFBC}") = "cwiczenia_6", "cwiczenia_6.csproj", "{DEA0987F-5BFC-41AD-A144-E2790A0D195B}"
EndProject
Global
	GlobalSection(SolutionConfigurationPlatforms) = preSolution
		Debug|Any CPU = Debug|Any CPU
		Release|Any CPU = Release|Any CPU
	EndGlobalSection
	GlobalSection(ProjectConfigurationPlatforms) = postSolution
		{DEA0987F-5BFC-41AD-A144-E2790A0D195B}.Debug|Any CPU.ActiveCfg = Debug|Any CPU
		{DEA0987F-5BFC-41AD-A144-E2790A0D195B}.Debug|Any CPU.Build.0 = Debug|Any CPU
		{DEA0987F-5BFC-41AD-A144-E2790A0D195B}.Release|Any CPU.ActiveCfg = Release|Any CPU
		{DEA0987F-5BFC-41AD-A144-E2790A0D195B}.Release|Any CPU.Build.0 = Release|Any CPU
	EndGlobalSection
EndGlobal
